
Microsoft Visual Studio Solution File, Format Version 12.00
# Visual Studio Version 17
VisualStudioVersion = 17.5.002.0
MinimumVisualStudioVersion = 10.0.40219.1
Project("{9A19103F-16F7-4668-BE54-9A1E7A4F7556}") = "MyMvcService", "MyMvcService.csproj", "{B76BD7E5-6A28-4948-B2C2-67B3288941B8}"
EndProject
Global
	GlobalSection(SolutionConfigurationPlatforms) = preSolution
		Debug|Any CPU = Debug|Any CPU
		Release|Any CPU = Release|Any CPU
	EndGlobalSection
	GlobalSection(ProjectConfigurationPlatforms) = postSolution
		{B76BD7E5-6A28-4948-B2C2-67B3288941B8}.Debug|Any CPU.ActiveCfg = Debug|Any CPU
		{B76BD7E5-6A28-4948-B2C2-67B3288941B8}.Debug|Any CPU.Build.0 = Debug|Any CPU
		{B76BD7E5-6A28-4948-B2C2-67B3288941B8}.Release|Any CPU.ActiveCfg = Release|Any CPU
		{B76BD7E5-6A28-4948-B2C2-67B3288941B8}.Release|Any CPU.Build.0 = Release|Any CPU
	EndGlobalSection
	GlobalSection(SolutionProperties) = preSolution
		HideSolutionNode = FALSE
	EndGlobalSection
	GlobalSection(ExtensibilityGlobals) = postSolution
		SolutionGuid = {6639B9DF-D87B-4930-87CC-0181ADC8059C}
	EndGlobalSection
EndGlobal
